
Microsoft Visual Studio Solution File, Format Version 12.00
# Visual Studio Version 17
VisualStudioVersion = 17.7.34024.191
MinimumVisualStudioVersion = 10.0.40219.1
Project("{FAE04EC0-301F-11D3-BF4B-00C04F79EFBC}") = "WallpaperProfiler", "WallpaperProfiler\WallpaperProfiler.csproj", "{A8F03FA1-E592-4571-9E47-FB0EE225F73A}"
EndProject
Global
	GlobalSection(SolutionConfigurationPlatforms) = preSolution
		Debug|Any CPU = Debug|Any CPU
		Release|Any CPU = Release|Any CPU
	EndGlobalSection
	GlobalSection(ProjectConfigurationPlatforms) = postSolution
		{A8F03FA1-E592-4571-9E47-FB0EE225F73A}.Debug|Any CPU.ActiveCfg = Debug|Any CPU
		{A8F03FA1-E592-4571-9E47-FB0EE225F73A}.Debug|Any CPU.Build.0 = Debug|Any CPU
		{A8F03FA1-E592-4571-9E47-FB0EE225F73A}.Release|Any CPU.ActiveCfg = Release|Any CPU
		{A8F03FA1-E592-4571-9E47-FB0EE225F73A}.Release|Any CPU.Build.0 = Release|Any CPU
	EndGlobalSection
	GlobalSection(SolutionProperties) = preSolution
		HideSolutionNode = FALSE
	EndGlobalSection
	GlobalSection(ExtensibilityGlobals) = postSolution
		SolutionGuid = {AC6A8818-66BA-4302-A7EC-9BFFE844F9AF}
	EndGlobalSection
EndGlobal
